// !$*UTF8*$!
{
	archiveVersion = 1;
	classes = {
	};
	objectVersion = 56;
	objects = {

/* Begin PBXBuildFile section */
		BAD6FE872A5DCC9100E1767A /* AppDelegate.swift in Sources */ = {isa = PBXBuildFile; fileRef = BAD6FE862A5DCC9100E1767A /* AppDelegate.swift */; };
		BAD6FE892A5DCC9100E1767A /* SceneDelegate.swift in Sources */ = {isa = PBXBuildFile; fileRef = BAD6FE882A5DCC9100E1767A /* SceneDelegate.swift */; };
		BAD6FE8B2A5DCC9100E1767A /* ViewController.swift in Sources */ = {isa = PBXBuildFile; fileRef = BAD6FE8A2A5DCC9100E1767A /* ViewController.swift */; };
		BAD6FE8E2A5DCC9100E1767A /* Main.storyboard in Resources */ = {isa = PBXBuildFile; fileRef = BAD6FE8C2A5DCC9100E1767A /* Main.storyboard */; };
		BAD6FE902A5DCC9200E1767A /* Assets.xcassets in Resources */ = {isa = PBXBuildFile; fileRef = BAD6FE8F2A5DCC9200E1767A /* Assets.xcassets */; };
		BAD6FE932A5DCC9200E1767A /* LaunchScreen.storyboard in Resources */ = {isa = PBXBuildFile; fileRef = BAD6FE912A5DCC9200E1767A /* LaunchScreen.storyboard */; };
		BAD6FE9B2A5DF00A00E1767A /* Extensions.swift in Sources */ = {isa = PBXBuildFile; fileRef = BAD6FE9A2A5DF00A00E1767A /* Extensions.swift */; };
		BAD6FE9D2A5DF22A00E1767A /* Model.swift in Sources */ = {isa = PBXBuildFile; fileRef = BAD6FE9C2A5DF22A00E1767A /* Model.swift */; };
/* End PBXBuildFile section */

/* Begin PBXFileReference section */
		BAD6FE832A5DCC9100E1767A /* Homework_Bulls_Eye.app */ = {isa = PBXFileReference; explicitFileType = wrapper.application; includeInIndex = 0; path = Homework_Bulls_Eye.app; sourceTree = BUILT_PRODUCTS_DIR; };
		BAD6FE862A5DCC9100E1767A /* AppDelegate.swift */ = {isa = PBXFileReference; lastKnownFileType = sourcecode.swift; path = AppDelegate.swift; sourceTree = "<group>"; };
		BAD6FE882A5DCC9100E1767A /* SceneDelegate.swift */ = {isa = PBXFileReference; lastKnownFileType = sourcecode.swift; path = SceneDelegate.swift; sourceTree = "<group>"; };
		BAD6FE8A2A5DCC9100E1767A /* ViewController.swift */ = {isa = PBXFileReference; lastKnownFileType = sourcecode.swift; path = ViewController.swift; sourceTree = "<group>"; };
		BAD6FE8D2A5DCC9100E1767A /* Base */ = {isa = PBXFileReference; lastKnownFileType = file.storyboard; name = Base; path = Base.lproj/Main.storyboard; sourceTree = "<group>"; };
		BAD6FE8F2A5DCC9200E1767A /* Assets.xcassets */ = {isa = PBXFileReference; lastKnownFileType = folder.assetcatalog; path = Assets.xcassets; sourceTree = "<group>"; };
		BAD6FE922A5DCC9200E1767A /* Base */ = {isa = PBXFileReference; lastKnownFileType = file.storyboard; name = Base; path = Base.lproj/LaunchScreen.storyboard; sourceTree = "<group>"; };
		BAD6FE942A5DCC9200E1767A /* Info.plist */ = {isa = PBXFileReference; lastKnownFileType = text.plist.xml; path = Info.plist; sourceTree = "<group>"; };
		BAD6FE9A2A5DF00A00E1767A /* Extensions.swift */ = {isa = PBXFileReference; lastKnownFileType = sourcecode.swift; path = Extensions.swift; sourceTree = "<group>"; };
		BAD6FE9C2A5DF22A00E1767A /* Model.swift */ = {isa = PBXFileReference; lastKnownFileType = sourcecode.swift; path = Model.swift; sourceTree = "<group>"; };
/* End PBXFileReference section */

/* Begin PBXFrameworksBuildPhase section */
		BAD6FE802A5DCC9100E1767A /* Frameworks */ = {
			isa = PBXFrameworksBuildPhase;
			buildActionMask = 2147483647;
			files = (
			);
			runOnlyForDeploymentPostprocessing = 0;
		};
/* End PBXFrameworksBuildPhase section */

/* Begin PBXGroup section */
		BAD6FE7A2A5DCC9000E1767A = {
			isa = PBXGroup;
			children = (
				BAD6FE852A5DCC9100E1767A /* Homework_Bulls_Eye */,
				BAD6FE842A5DCC9100E1767A /* Products */,
			);
			sourceTree = "<group>";
		};
		BAD6FE842A5DCC9100E1767A /* Products */ = {
			isa = PBXGroup;
			children = (
				BAD6FE832A5DCC9100E1767A /* Homework_Bulls_Eye.app */,
			);
			name = Products;
			sourceTree = "<group>";
		};
		BAD6FE852A5DCC9100E1767A /* Homework_Bulls_Eye */ = {
			isa = PBXGroup;
			children = (
				BAD6FE9E2A5DF24F00E1767A /* Extensions */,
				BAD6FEA02A5DF25D00E1767A /* Models */,
				BAD6FE862A5DCC9100E1767A /* AppDelegate.swift */,
				BAD6FE882A5DCC9100E1767A /* SceneDelegate.swift */,
				BAD6FE8A2A5DCC9100E1767A /* ViewController.swift */,
				BAD6FE8C2A5DCC9100E1767A /* Main.storyboard */,
				BAD6FE8F2A5DCC9200E1767A /* Assets.xcassets */,
				BAD6FE912A5DCC9200E1767A /* LaunchScreen.storyboard */,
				BAD6FE942A5DCC9200E1767A /* Info.plist */,
			);
			path = Homework_Bulls_Eye;
			sourceTree = "<group>";
		};
		BAD6FE9E2A5DF24F00E1767A /* Extensions */ = {
			isa = PBXGroup;
			children = (
				BAD6FE9A2A5DF00A00E1767A /* Extensions.swift */,
			);
			path = Extensions;
			sourceTree = "<group>";
		};
		BAD6FEA02A5DF25D00E1767A /* Models */ = {
			isa = PBXGroup;
			children = (
				BAD6FE9C2A5DF22A00E1767A /* Model.swift */,
			);
			path = Models;
			sourceTree = "<group>";
		};
/* End PBXGroup section */

/* Begin PBXNativeTarget section */
		BAD6FE822A5DCC9100E1767A /* Homework_Bulls_Eye */ = {
			isa = PBXNativeTarget;
			buildConfigurationList = BAD6FE972A5DCC9200E1767A /* Build configuration list for PBXNativeTarget "Homework_Bulls_Eye" */;
			buildPhases = (
				BAD6FE7F2A5DCC9100E1767A /* Sources */,
				BAD6FE802A5DCC9100E1767A /* Frameworks */,
				BAD6FE812A5DCC9100E1767A /* Resources */,
			);
			buildRules = (
			);
			dependencies = (
			);
			name = Homework_Bulls_Eye;
			productName = Homework_Bulls_Eye;
			productReference = BAD6FE832A5DCC9100E1767A /* Homework_Bulls_Eye.app */;
			productType = "com.apple.product-type.application";
		};
/* End PBXNativeTarget section */

/* Begin PBXProject section */
		BAD6FE7B2A5DCC9000E1767A /* Project object */ = {
			isa = PBXProject;
			attributes = {
				BuildIndependentTargetsInParallel = 1;
				LastSwiftUpdateCheck = 1430;
				LastUpgradeCheck = 1430;
				TargetAttributes = {
					BAD6FE822A5DCC9100E1767A = {
						CreatedOnToolsVersion = 14.3.1;
					};
				};
			};
			buildConfigurationList = BAD6FE7E2A5DCC9000E1767A /* Build configuration list for PBXProject "Homework_Bulls_Eye" */;
			compatibilityVersion = "Xcode 14.0";
			developmentRegion = en;
			hasScannedForEncodings = 0;
			knownRegions = (
				en,
				Base,
			);
			mainGroup = BAD6FE7A2A5DCC9000E1767A;
			productRefGroup = BAD6FE842A5DCC9100E1767A /* Products */;
			projectDirPath = "";
			projectRoot = "";
			targets = (
				BAD6FE822A5DCC9100E1767A /* Homework_Bulls_Eye */,
			);
		};
/* End PBXProject section */

/* Begin PBXResourcesBuildPhase section */
		BAD6FE812A5DCC9100E1767A /* Resources */ = {
			isa = PBXResourcesBuildPhase;
			buildActionMask = 2147483647;
			files = (
				BAD6FE932A5DCC9200E1767A /* LaunchScreen.storyboard in Resources */,
				BAD6FE902A5DCC9200E1767A /* Assets.xcassets in Resources */,
				BAD6FE8E2A5DCC9100E1767A /* Main.storyboard in Resources */,
			);
			runOnlyForDeploymentPostprocessing = 0;
		};
/* End PBXResourcesBuildPhase section */

/* Begin PBXSourcesBuildPhase section */
		BAD6FE7F2A5DCC9100E1767A /* Sources */ = {
			isa = PBXSourcesBuildPhase;
			buildActionMask = 2147483647;
			files = (
				BAD6FE9B2A5DF00A00E1767A /* Extensions.swift in Sources */,
				BAD6FE8B2A5DCC9100E1767A /* ViewController.swift in Sources */,
				BAD6FE9D2A5DF22A00E1767A /* Model.swift in Sources */,
				BAD6FE872A5DCC9100E1767A /* AppDelegate.swift in Sources */,
				BAD6FE892A5DCC9100E1767A /* SceneDelegate.swift in Sources */,
			);
			runOnlyForDeploymentPostprocessing = 0;
		};
/* End PBXSourcesBuildPhase section */

/* Begin PBXVariantGroup section */
		BAD6FE8C2A5DCC9100E1767A /* Main.storyboard */ = {
			isa = PBXVariantGroup;
			children = (
				BAD6FE8D2A5DCC9100E1767A /* Base */,
			);
			name = Main.storyboard;
			sourceTree = "<group>";
		};
		BAD6FE912A5DCC9200E1767A /* LaunchScreen.storyboard */ = {
			isa = PBXVariantGroup;
			children = (
				BAD6FE922A5DCC9200E1767A /* Base */,
			);
			name = LaunchScreen.storyboard;
			sourceTree = "<group>";
		};
/* End PBXVariantGroup section */

/* Begin XCBuildConfiguration section */
		BAD6FE952A5DCC9200E1767A /* Debug */ = {
			isa = XCBuildConfiguration;
			buildSettings = {
				ALWAYS_SEARCH_USER_PATHS = NO;
				CLANG_ANALYZER_NONNULL = YES;
				CLANG_ANALYZER_NUMBER_OBJECT_CONVERSION = YES_AGGRESSIVE;
				CLANG_CXX_LANGUAGE_STANDARD = "gnu++20";
				CLANG_ENABLE_MODULES = YES;
				CLANG_ENABLE_OBJC_ARC = YES;
				CLANG_ENABLE_OBJC_WEAK = YES;
				CLANG_WARN_BLOCK_CAPTURE_AUTORELEASING = YES;
				CLANG_WARN_BOOL_CONVERSION = YES;
				CLANG_WARN_COMMA = YES;
				CLANG_WARN_CONSTANT_CONVERSION = YES;
				CLANG_WARN_DEPRECATED_OBJC_IMPLEMENTATIONS = YES;
				CLANG_WARN_DIRECT_OBJC_ISA_USAGE = YES_ERROR;
				CLANG_WARN_DOCUMENTATION_COMMENTS = YES;
				CLANG_WARN_EMPTY_BODY = YES;
				CLANG_WARN_ENUM_CONVERSION = YES;
				CLANG_WARN_INFINITE_RECURSION = YES;
				CLANG_WARN_INT_CONVERSION = YES;
				CLANG_WARN_NON_LITERAL_NULL_CONVERSION = YES;
				CLANG_WARN_OBJC_IMPLICIT_RETAIN_SELF = YES;
				CLANG_WARN_OBJC_LITERAL_CONVERSION = YES;
				CLANG_WARN_OBJC_ROOT_CLASS = YES_ERROR;
				CLANG_WARN_QUOTED_INCLUDE_IN_FRAMEWORK_HEADER = YES;
				CLANG_WARN_RANGE_LOOP_ANALYSIS = YES;
				CLANG_WARN_STRICT_PROTOTYPES = YES;
				CLANG_WARN_SUSPICIOUS_MOVE = YES;
				CLANG_WARN_UNGUARDED_AVAILABILITY = YES_AGGRESSIVE;
				CLANG_WARN_UNREACHABLE_CODE = YES;
				CLANG_WARN__DUPLICATE_METHOD_MATCH = YES;
				COPY_PHASE_STRIP = NO;
				DEBUG_INFORMATION_FORMAT = dwarf;
				ENABLE_STRICT_OBJC_MSGSEND = YES;
				ENABLE_TESTABILITY = YES;
				GCC_C_LANGUAGE_STANDARD = gnu11;
				GCC_DYNAMIC_NO_PIC = NO;
				GCC_NO_COMMON_BLOCKS = YES;
				GCC_OPTIMIZATION_LEVEL = 0;
				GCC_PREPROCESSOR_DEFINITIONS = (
					"DEBUG=1",
					"$(inherited)",
				);
				GCC_WARN_64_TO_32_BIT_CONVERSION = YES;
				GCC_WARN_ABOUT_RETURN_TYPE = YES_ERROR;
				GCC_WARN_UNDECLARED_SELECTOR = YES;
				GCC_WARN_UNINITIALIZED_AUTOS = YES_AGGRESSIVE;
				GCC_WARN_UNUSED_FUNCTION = YES;
				GCC_WARN_UNUSED_VARIABLE = YES;
				IPHONEOS_DEPLOYMENT_TARGET = 16.4;
				MTL_ENABLE_DEBUG_INFO = INCLUDE_SOURCE;
				MTL_FAST_MATH = YES;
				ONLY_ACTIVE_ARCH = YES;
				SDKROOT = iphoneos;
				SWIFT_ACTIVE_COMPILATION_CONDITIONS = DEBUG;
				SWIFT_OPTIMIZATION_LEVEL = "-Onone";
			};
			name = Debug;
		};
		BAD6FE962A5DCC9200E1767A /* Release */ = {
			isa = XCBuildConfiguration;
			buildSettings = {
				ALWAYS_SEARCH_USER_PATHS = NO;
				CLANG_ANALYZER_NONNULL = YES;
				CLANG_ANALYZER_NUMBER_OBJECT_CONVERSION = YES_AGGRESSIVE;
				CLANG_CXX_LANGUAGE_STANDARD = "gnu++20";
				CLANG_ENABLE_MODULES = YES;
				CLANG_ENABLE_OBJC_ARC = YES;
				CLANG_ENABLE_OBJC_WEAK = YES;
				CLANG_WARN_BLOCK_CAPTURE_AUTORELEASING = YES;
				CLANG_WARN_BOOL_CONVERSION = YES;
				CLANG_WARN_COMMA = YES;
				CLANG_WARN_CONSTANT_CONVERSION = YES;
				CLANG_WARN_DEPRECATED_OBJC_IMPLEMENTATIONS = YES;
				CLANG_WARN_DIRECT_OBJC_ISA_USAGE = YES_ERROR;
				CLANG_WARN_DOCUMENTATION_COMMENTS = YES;
				CLANG_WARN_EMPTY_BODY = YES;
				CLANG_WARN_ENUM_CONVERSION = YES;
				CLANG_WARN_INFINITE_RECURSION = YES;
				CLANG_WARN_INT_CONVERSION = YES;
				CLANG_WARN_NON_LITERAL_NULL_CONVERSION = YES;
				CLANG_WARN_OBJC_IMPLICIT_RETAIN_SELF = YES;
				CLANG_WARN_OBJC_LITERAL_CONVERSION = YES;
				CLANG_WARN_OBJC_ROOT_CLASS = YES_ERROR;
				CLANG_WARN_QUOTED_INCLUDE_IN_FRAMEWORK_HEADER = YES;
				CLANG_WARN_RANGE_LOOP_ANALYSIS = YES;
				CLANG_WARN_STRICT_PROTOTYPES = YES;
				CLANG_WARN_SUSPICIOUS_MOVE = YES;
				CLANG_WARN_UNGUARDED_AVAILABILITY = YES_AGGRESSIVE;
				CLANG_WARN_UNREACHABLE_CODE = YES;
				CLANG_WARN__DUPLICATE_METHOD_MATCH = YES;
				COPY_PHASE_STRIP = NO;
				DEBUG_INFORMATION_FORMAT = "dwarf-with-dsym";
				ENABLE_NS_ASSERTIONS = NO;
				ENABLE_STRICT_OBJC_MSGSEND = YES;
				GCC_C_LANGUAGE_STANDARD = gnu11;
				GCC_NO_COMMON_BLOCKS = YES;
				GCC_WARN_64_TO_32_BIT_CONVERSION = YES;
				GCC_WARN_ABOUT_RETURN_TYPE = YES_ERROR;
				GCC_WARN_UNDECLARED_SELECTOR = YES;
				GCC_WARN_UNINITIALIZED_AUTOS = YES_AGGRESSIVE;
				GCC_WARN_UNUSED_FUNCTION = YES;
				GCC_WARN_UNUSED_VARIABLE = YES;
				IPHONEOS_DEPLOYMENT_TARGET = 16.4;
				MTL_ENABLE_DEBUG_INFO = NO;
				MTL_FAST_MATH = YES;
				SDKROOT = iphoneos;
				SWIFT_COMPILATION_MODE = wholemodule;
				SWIFT_OPTIMIZATION_LEVEL = "-O";
				VALIDATE_PRODUCT = YES;
			};
			name = Release;
		};
		BAD6FE982A5DCC9200E1767A /* Debug */ = {
			isa = XCBuildConfiguration;
			buildSettings = {
				ASSETCATALOG_COMPILER_APPICON_NAME = AppIcon;
				ASSETCATALOG_COMPILER_GLOBAL_ACCENT_COLOR_NAME = AccentColor;
				CODE_SIGN_STYLE = Automatic;
				CURRENT_PROJECT_VERSION = 1;
				DEVELOPMENT_TEAM = L4H488SRYA;
				GENERATE_INFOPLIST_FILE = YES;
				INFOPLIST_FILE = Homework_Bulls_Eye/Info.plist;
				INFOPLIST_KEY_UIApplicationSupportsIndirectInputEvents = YES;
				INFOPLIST_KEY_UILaunchStoryboardName = LaunchScreen;
				INFOPLIST_KEY_UIMainStoryboardFile = Main;
				INFOPLIST_KEY_UISupportedInterfaceOrientations = "UIInterfaceOrientationLandscapeLeft UIInterfaceOrientationLandscapeRight";
				INFOPLIST_KEY_UISupportedInterfaceOrientations_iPad = "UIInterfaceOrientationLandscapeLeft UIInterfaceOrientationLandscapeRight UIInterfaceOrientationPortrait UIInterfaceOrientationPortraitUpsideDown";
				LD_RUNPATH_SEARCH_PATHS = (
					"$(inherited)",
					"@executable_path/Frameworks",
				);
				MARKETING_VERSION = 1.0;
				PRODUCT_BUNDLE_IDENTIFIER = "Pride.Homework-Bulls-Eye";
				PRODUCT_NAME = "$(TARGET_NAME)";
				SWIFT_EMIT_LOC_STRINGS = YES;
				SWIFT_VERSION = 5.0;
				TARGETED_DEVICE_FAMILY = "1,2";
			};
			name = Debug;
		};
		BAD6FE992A5DCC9200E1767A /* Release */ = {
			isa = XCBuildConfiguration;
			buildSettings = {
				ASSETCATALOG_COMPILER_APPICON_NAME = AppIcon;
				ASSETCATALOG_COMPILER_GLOBAL_ACCENT_COLOR_NAME = AccentColor;
				CODE_SIGN_STYLE = Automatic;
				CURRENT_PROJECT_VERSION = 1;
				DEVELOPMENT_TEAM = L4H488SRYA;
				GENERATE_INFOPLIST_FILE = YES;
				INFOPLIST_FILE = Homework_Bulls_Eye/Info.plist;
				INFOPLIST_KEY_UIApplicationSupportsIndirectInputEvents = YES;
				INFOPLIST_KEY_UILaunchStoryboardName = LaunchScreen;
				INFOPLIST_KEY_UIMainStoryboardFile = Main;
				INFOPLIST_KEY_UISupportedInterfaceOrientations = "UIInterfaceOrientationLandscapeLeft UIInterfaceOrientationLandscapeRight";
				INFOPLIST_KEY_UISupportedInterfaceOrientations_iPad = "UIInterfaceOrientationLandscapeLeft UIInterfaceOrientationLandscapeRight UIInterfaceOrientationPortrait UIInterfaceOrientationPortraitUpsideDown";
				LD_RUNPATH_SEARCH_PATHS = (
					"$(inherited)",
					"@executable_path/Frameworks",
				);
				MARKETING_VERSION = 1.0;
				PRODUCT_BUNDLE_IDENTIFIER = "Pride.Homework-Bulls-Eye";
				PRODUCT_NAME = "$(TARGET_NAME)";
				SWIFT_EMIT_LOC_STRINGS = YES;
				SWIFT_VERSION = 5.0;
				TARGETED_DEVICE_FAMILY = "1,2";
			};
			name = Release;
		};
/* End XCBuildConfiguration section */

/* Begin XCConfigurationList section */
		BAD6FE7E2A5DCC9000E1767A /* Build configuration list for PBXProject "Homework_Bulls_Eye" */ = {
			isa = XCConfigurationList;
			buildConfigurations = (
				BAD6FE952A5DCC9200E1767A /* Debug */,
				BAD6FE962A5DCC9200E1767A /* Release */,
			);
			defaultConfigurationIsVisible = 0;
			defaultConfigurationName = Release;
		};
		BAD6FE972A5DCC9200E1767A /* Build configuration list for PBXNativeTarget "Homework_Bulls_Eye" */ = {
			isa = XCConfigurationList;
			buildConfigurations = (
				BAD6FE982A5DCC9200E1767A /* Debug */,
				BAD6FE992A5DCC9200E1767A /* Release */,
			);
			defaultConfigurationIsVisible = 0;
			defaultConfigurationName = Release;
		};
/* End XCConfigurationList section */
	};
	rootObject = BAD6FE7B2A5DCC9000E1767A /* Project object */;
}
